# THIS IS AN AUTOGENERATED FILE. DO NOT EDIT THIS FILE DIRECTLY.
# yarn lockfile v1


"@vant/weapp@^1.10.0":
  version "1.10.0"
  resolved "https://registry.yarnpkg.com/@vant/weapp/-/weapp-1.10.0.tgz#7d4a4a56673544f9d0d7f094d19006abb31db67d"
  integrity sha512-cNW2U98GlYwh8t4loEASyvukITlPohJM9HkAF8/dRSJrKm2689nqE8eeASFkWADdhqayGvy08cWoJhqMNh6ZXA==

adny-store@^1.0.3:
  version "1.0.3"
  resolved "https://registry.yarnpkg.com/adny-store/-/adny-store-1.0.3.tgz#994c11cfc092b45e5fd4897a42ee26b750681dd1"
  integrity sha512-PX1N6qSZYo02NV0D7/g2wzNUBMx3/jR1f6lRPtFcMVzbhcA1H3E9GZPIX47M/Rhg8zogkiBXEnF8s21myxwRPw==

hy-event-store@^1.1.1:
  version "1.1.1"
  resolved "https://registry.yarnpkg.com/hy-event-store/-/hy-event-store-1.1.1.tgz#fbb562189171af86051c9d76407e7da8ac9c1079"
  integrity sha512-SaCjtApgXk7i8CqZKmS8PRFPaXcNKLNKujEFwZToIMZslPB3SHKVnvsSR8LdrSs5UejT2I546qLwkqUdJngGMQ==
